
Microsoft Visual Studio Solution File, Format Version 12.00
# Visual Studio Version 17
VisualStudioVersion = 17.13.35825.156 d17.13
MinimumVisualStudioVersion = 10.0.40219.1
Project("{FAE04EC0-301F-11D3-BF4B-00C04F79EFBC}") = "WpfVarik3", "WpfVarik3.csproj", "{FFD534EB-183F-4228-AF76-68C04F6DB39B}"
EndProject
Global
	GlobalSection(SolutionConfigurationPlatforms) = preSolution
		Debug|Any CPU = Debug|Any CPU
		Release|Any CPU = Release|Any CPU
	EndGlobalSection
	GlobalSection(ProjectConfigurationPlatforms) = postSolution
		{FFD534EB-183F-4228-AF76-68C04F6DB39B}.Debug|Any CPU.ActiveCfg = Debug|Any CPU
		{FFD534EB-183F-4228-AF76-68C04F6DB39B}.Debug|Any CPU.Build.0 = Debug|Any CPU
		{FFD534EB-183F-4228-AF76-68C04F6DB39B}.Release|Any CPU.ActiveCfg = Release|Any CPU
		{FFD534EB-183F-4228-AF76-68C04F6DB39B}.Release|Any CPU.Build.0 = Release|Any CPU
	EndGlobalSection
	GlobalSection(SolutionProperties) = preSolution
		HideSolutionNode = FALSE
	EndGlobalSection
	GlobalSection(ExtensibilityGlobals) = postSolution
		SolutionGuid = {D08B9B5E-5D7E-45BC-9B59-B9437A1868DB}
	EndGlobalSection
EndGlobal
